
Microsoft Visual Studio Solution File, Format Version 12.00
# Visual Studio Version 16
VisualStudioVersion = 16.0.29905.134
MinimumVisualStudioVersion = 10.0.40219.1
Project("{FAE04EC0-301F-11D3-BF4B-00C04F79EFBC}") = "CompanyService", "CompanyService\CompanyService.csproj", "{FDA9FC20-5B41-4A54-880C-4452D5D1FC2D}"
EndProject
Global
	GlobalSection(SolutionConfigurationPlatforms) = preSolution
		Debug|Any CPU = Debug|Any CPU
		Release|Any CPU = Release|Any CPU
	EndGlobalSection
	GlobalSection(ProjectConfigurationPlatforms) = postSolution
		{FDA9FC20-5B41-4A54-880C-4452D5D1FC2D}.Debug|Any CPU.ActiveCfg = Debug|Any CPU
		{FDA9FC20-5B41-4A54-880C-4452D5D1FC2D}.Debug|Any CPU.Build.0 = Debug|Any CPU
		{FDA9FC20-5B41-4A54-880C-4452D5D1FC2D}.Release|Any CPU.ActiveCfg = Release|Any CPU
		{FDA9FC20-5B41-4A54-880C-4452D5D1FC2D}.Release|Any CPU.Build.0 = Release|Any CPU
	EndGlobalSection
	GlobalSection(SolutionProperties) = preSolution
		HideSolutionNode = FALSE
	EndGlobalSection
	GlobalSection(ExtensibilityGlobals) = postSolution
		SolutionGuid = {A6527F15-E312-404B-953A-A511179CA58E}
	EndGlobalSection
EndGlobal
